
Microsoft Visual Studio Solution File, Format Version 12.00
# Visual Studio 14
VisualStudioVersion = 14.0.23107.0
MinimumVisualStudioVersion = 10.0.40219.1
Project("{FAE04EC0-301F-11D3-BF4B-00C04F79EFBC}") = "PresentationLayer", "PresentationLayer\PresentationLayer.csproj", "{F8A7274A-C7C1-4A8E-81E7-B1458CE60B11}"
EndProject
Project("{FAE04EC0-301F-11D3-BF4B-00C04F79EFBC}") = "Tests", "Tests\Tests.csproj", "{87D46FB0-6C27-424C-B274-6074346C363F}"
EndProject
Project("{FAE04EC0-301F-11D3-BF4B-00C04F79EFBC}") = "BusinessLayer", "BusinessLayer\BusinessLayer.csproj", "{044AA43B-E2BF-4A8E-BF81-99F35DD91778}"
EndProject
Global
	GlobalSection(SolutionConfigurationPlatforms) = preSolution
		Debug|Any CPU = Debug|Any CPU
		Release|Any CPU = Release|Any CPU
	EndGlobalSection
	GlobalSection(ProjectConfigurationPlatforms) = postSolution
		{F8A7274A-C7C1-4A8E-81E7-B1458CE60B11}.Debug|Any CPU.ActiveCfg = Debug|Any CPU
		{F8A7274A-C7C1-4A8E-81E7-B1458CE60B11}.Debug|Any CPU.Build.0 = Debug|Any CPU
		{F8A7274A-C7C1-4A8E-81E7-B1458CE60B11}.Release|Any CPU.ActiveCfg = Release|Any CPU
		{F8A7274A-C7C1-4A8E-81E7-B1458CE60B11}.Release|Any CPU.Build.0 = Release|Any CPU
		{87D46FB0-6C27-424C-B274-6074346C363F}.Debug|Any CPU.ActiveCfg = Debug|Any CPU
		{87D46FB0-6C27-424C-B274-6074346C363F}.Debug|Any CPU.Build.0 = Debug|Any CPU
		{87D46FB0-6C27-424C-B274-6074346C363F}.Release|Any CPU.ActiveCfg = Release|Any CPU
		{87D46FB0-6C27-424C-B274-6074346C363F}.Release|Any CPU.Build.0 = Release|Any CPU
		{044AA43B-E2BF-4A8E-BF81-99F35DD91778}.Debug|Any CPU.ActiveCfg = Debug|Any CPU
		{044AA43B-E2BF-4A8E-BF81-99F35DD91778}.Debug|Any CPU.Build.0 = Debug|Any CPU
		{044AA43B-E2BF-4A8E-BF81-99F35DD91778}.Release|Any CPU.ActiveCfg = Release|Any CPU
		{044AA43B-E2BF-4A8E-BF81-99F35DD91778}.Release|Any CPU.Build.0 = Release|Any CPU
	EndGlobalSection
	GlobalSection(SolutionProperties) = preSolution
		HideSolutionNode = FALSE
	EndGlobalSection
EndGlobal
